
Microsoft Visual Studio Solution File, Format Version 12.00
# Visual Studio Version 17
VisualStudioVersion = 17.13.35931.197
MinimumVisualStudioVersion = 10.0.40219.1
Project("{FAE04EC0-301F-11D3-BF4B-00C04F79EFBC}") = "BloodShadow.Unity", "BloodShadowCore.Unity\BloodShadow.Unity.csproj", "{D403D04C-2894-441A-8147-2B2F7060E0C0}"
EndProject
Global
	GlobalSection(SolutionConfigurationPlatforms) = preSolution
		Debug|Any CPU = Debug|Any CPU
		Release|Any CPU = Release|Any CPU
	EndGlobalSection
	GlobalSection(ProjectConfigurationPlatforms) = postSolution
		{D403D04C-2894-441A-8147-2B2F7060E0C0}.Debug|Any CPU.ActiveCfg = Debug|Any CPU
		{D403D04C-2894-441A-8147-2B2F7060E0C0}.Debug|Any CPU.Build.0 = Debug|Any CPU
		{D403D04C-2894-441A-8147-2B2F7060E0C0}.Release|Any CPU.ActiveCfg = Release|Any CPU
		{D403D04C-2894-441A-8147-2B2F7060E0C0}.Release|Any CPU.Build.0 = Release|Any CPU
	EndGlobalSection
	GlobalSection(SolutionProperties) = preSolution
		HideSolutionNode = FALSE
	EndGlobalSection
	GlobalSection(ExtensibilityGlobals) = postSolution
		SolutionGuid = {B158599C-40EB-41B0-80EB-C56979323D9B}
	EndGlobalSection
EndGlobal
